
Microsoft Visual Studio Solution File, Format Version 12.00
# Visual Studio Version 16
VisualStudioVersion = 16.0.30114.105
MinimumVisualStudioVersion = 10.0.40219.1
Project("{9A19103F-16F7-4668-BE54-9A1E7A4F7556}") = "WebApi", "WebApi\WebApi.csproj", "{63D28649-AEE8-4995-822F-39361A2DAB07}"
EndProject
Project("{9A19103F-16F7-4668-BE54-9A1E7A4F7556}") = "Domain", "Domain\Domain.csproj", "{67B9FC91-E928-44C7-A891-7D65696517B8}"
EndProject
Project("{9A19103F-16F7-4668-BE54-9A1E7A4F7556}") = "BusinessLogic", "BusinessLogic\BusinessLogic.csproj", "{0EF67B84-3420-4E1D-9551-9DC51CFB51A5}"
EndProject
Project("{9A19103F-16F7-4668-BE54-9A1E7A4F7556}") = "BusinessLogicInterface", "BusinessLogicInterface\BusinessLogicInterface.csproj", "{63D74C90-4CBA-493A-82D4-BA8E112DC7B2}"
EndProject
Project("{9A19103F-16F7-4668-BE54-9A1E7A4F7556}") = "Factory", "Factory\Factory.csproj", "{ECB38ED2-092F-445E-918F-3BB0096617F5}"
EndProject
Project("{9A19103F-16F7-4668-BE54-9A1E7A4F7556}") = "WebApiTest", "WebApiTest\WebApiTest.csproj", "{E1491B34-A9CC-4B1B-A452-1E3912F94B81}"
EndProject
Project("{9A19103F-16F7-4668-BE54-9A1E7A4F7556}") = "DataAccess", "DataAccess\DataAccess.csproj", "{AB59CBE8-A94C-43EB-B6E9-7367DAEC9BF6}"
EndProject
Project("{9A19103F-16F7-4668-BE54-9A1E7A4F7556}") = "DataAccessInterface", "DataAccessInterface\DataAccessInterface.csproj", "{AB844240-1AC2-4D89-88F4-B655EFED434A}"
EndProject
Project("{9A19103F-16F7-4668-BE54-9A1E7A4F7556}") = "DataAccessTest", "DataAccessTest\DataAccessTest.csproj", "{36D886AC-E665-4B35-8D9B-0A62709D1937}"
EndProject
Global
	GlobalSection(SolutionConfigurationPlatforms) = preSolution
		Debug|Any CPU = Debug|Any CPU
		Debug|x64 = Debug|x64
		Debug|x86 = Debug|x86
		Release|Any CPU = Release|Any CPU
		Release|x64 = Release|x64
		Release|x86 = Release|x86
	EndGlobalSection
	GlobalSection(ProjectConfigurationPlatforms) = postSolution
		{63D28649-AEE8-4995-822F-39361A2DAB07}.Debug|Any CPU.ActiveCfg = Debug|Any CPU
		{63D28649-AEE8-4995-822F-39361A2DAB07}.Debug|Any CPU.Build.0 = Debug|Any CPU
		{63D28649-AEE8-4995-822F-39361A2DAB07}.Debug|x64.ActiveCfg = Debug|Any CPU
		{63D28649-AEE8-4995-822F-39361A2DAB07}.Debug|x64.Build.0 = Debug|Any CPU
		{63D28649-AEE8-4995-822F-39361A2DAB07}.Debug|x86.ActiveCfg = Debug|Any CPU
		{63D28649-AEE8-4995-822F-39361A2DAB07}.Debug|x86.Build.0 = Debug|Any CPU
		{63D28649-AEE8-4995-822F-39361A2DAB07}.Release|Any CPU.ActiveCfg = Release|Any CPU
		{63D28649-AEE8-4995-822F-39361A2DAB07}.Release|Any CPU.Build.0 = Release|Any CPU
		{63D28649-AEE8-4995-822F-39361A2DAB07}.Release|x64.ActiveCfg = Release|Any CPU
		{63D28649-AEE8-4995-822F-39361A2DAB07}.Release|x64.Build.0 = Release|Any CPU
		{63D28649-AEE8-4995-822F-39361A2DAB07}.Release|x86.ActiveCfg = Release|Any CPU
		{63D28649-AEE8-4995-822F-39361A2DAB07}.Release|x86.Build.0 = Release|Any CPU
		{67B9FC91-E928-44C7-A891-7D65696517B8}.Debug|Any CPU.ActiveCfg = Debug|Any CPU
		{67B9FC91-E928-44C7-A891-7D65696517B8}.Debug|Any CPU.Build.0 = Debug|Any CPU
		{67B9FC91-E928-44C7-A891-7D65696517B8}.Debug|x64.ActiveCfg = Debug|Any CPU
		{67B9FC91-E928-44C7-A891-7D65696517B8}.Debug|x64.Build.0 = Debug|Any CPU
		{67B9FC91-E928-44C7-A891-7D65696517B8}.Debug|x86.ActiveCfg = Debug|Any CPU
		{67B9FC91-E928-44C7-A891-7D65696517B8}.Debug|x86.Build.0 = Debug|Any CPU
		{67B9FC91-E928-44C7-A891-7D65696517B8}.Release|Any CPU.ActiveCfg = Release|Any CPU
		{67B9FC91-E928-44C7-A891-7D65696517B8}.Release|Any CPU.Build.0 = Release|Any CPU
		{67B9FC91-E928-44C7-A891-7D65696517B8}.Release|x64.ActiveCfg = Release|Any CPU
		{67B9FC91-E928-44C7-A891-7D65696517B8}.Release|x64.Build.0 = Release|Any CPU
		{67B9FC91-E928-44C7-A891-7D65696517B8}.Release|x86.ActiveCfg = Release|Any CPU
		{67B9FC91-E928-44C7-A891-7D65696517B8}.Release|x86.Build.0 = Release|Any CPU
		{0EF67B84-3420-4E1D-9551-9DC51CFB51A5}.Debug|Any CPU.ActiveCfg = Debug|Any CPU
		{0EF67B84-3420-4E1D-9551-9DC51CFB51A5}.Debug|Any CPU.Build.0 = Debug|Any CPU
		{0EF67B84-3420-4E1D-9551-9DC51CFB51A5}.Debug|x64.ActiveCfg = Debug|Any CPU
		{0EF67B84-3420-4E1D-9551-9DC51CFB51A5}.Debug|x64.Build.0 = Debug|Any CPU
		{0EF67B84-3420-4E1D-9551-9DC51CFB51A5}.Debug|x86.ActiveCfg = Debug|Any CPU
		{0EF67B84-3420-4E1D-9551-9DC51CFB51A5}.Debug|x86.Build.0 = Debug|Any CPU
		{0EF67B84-3420-4E1D-9551-9DC51CFB51A5}.Release|Any CPU.ActiveCfg = Release|Any CPU
		{0EF67B84-3420-4E1D-9551-9DC51CFB51A5}.Release|Any CPU.Build.0 = Release|Any CPU
		{0EF67B84-3420-4E1D-9551-9DC51CFB51A5}.Release|x64.ActiveCfg = Release|Any CPU
		{0EF67B84-3420-4E1D-9551-9DC51CFB51A5}.Release|x64.Build.0 = Release|Any CPU
		{0EF67B84-3420-4E1D-9551-9DC51CFB51A5}.Release|x86.ActiveCfg = Release|Any CPU
		{0EF67B84-3420-4E1D-9551-9DC51CFB51A5}.Release|x86.Build.0 = Release|Any CPU
		{63D74C90-4CBA-493A-82D4-BA8E112DC7B2}.Debug|Any CPU.ActiveCfg = Debug|Any CPU
		{63D74C90-4CBA-493A-82D4-BA8E112DC7B2}.Debug|Any CPU.Build.0 = Debug|Any CPU
		{63D74C90-4CBA-493A-82D4-BA8E112DC7B2}.Debug|x64.ActiveCfg = Debug|Any CPU
		{63D74C90-4CBA-493A-82D4-BA8E112DC7B2}.Debug|x64.Build.0 = Debug|Any CPU
		{63D74C90-4CBA-493A-82D4-BA8E112DC7B2}.Debug|x86.ActiveCfg = Debug|Any CPU
		{63D74C90-4CBA-493A-82D4-BA8E112DC7B2}.Debug|x86.Build.0 = Debug|Any CPU
		{63D74C90-4CBA-493A-82D4-BA8E112DC7B2}.Release|Any CPU.ActiveCfg = Release|Any CPU
		{63D74C90-4CBA-493A-82D4-BA8E112DC7B2}.Release|Any CPU.Build.0 = Release|Any CPU
		{63D74C90-4CBA-493A-82D4-BA8E112DC7B2}.Release|x64.ActiveCfg = Release|Any CPU
		{63D74C90-4CBA-493A-82D4-BA8E112DC7B2}.Release|x64.Build.0 = Release|Any CPU
		{63D74C90-4CBA-493A-82D4-BA8E112DC7B2}.Release|x86.ActiveCfg = Release|Any CPU
		{63D74C90-4CBA-493A-82D4-BA8E112DC7B2}.Release|x86.Build.0 = Release|Any CPU
		{ECB38ED2-092F-445E-918F-3BB0096617F5}.Debug|Any CPU.ActiveCfg = Debug|Any CPU
		{ECB38ED2-092F-445E-918F-3BB0096617F5}.Debug|Any CPU.Build.0 = Debug|Any CPU
		{ECB38ED2-092F-445E-918F-3BB0096617F5}.Debug|x64.ActiveCfg = Debug|Any CPU
		{ECB38ED2-092F-445E-918F-3BB0096617F5}.Debug|x64.Build.0 = Debug|Any CPU
		{ECB38ED2-092F-445E-918F-3BB0096617F5}.Debug|x86.ActiveCfg = Debug|Any CPU
		{ECB38ED2-092F-445E-918F-3BB0096617F5}.Debug|x86.Build.0 = Debug|Any CPU
		{ECB38ED2-092F-445E-918F-3BB0096617F5}.Release|Any CPU.ActiveCfg = Release|Any CPU
		{ECB38ED2-092F-445E-918F-3BB0096617F5}.Release|Any CPU.Build.0 = Release|Any CPU
		{ECB38ED2-092F-445E-918F-3BB0096617F5}.Release|x64.ActiveCfg = Release|Any CPU
		{ECB38ED2-092F-445E-918F-3BB0096617F5}.Release|x64.Build.0 = Release|Any CPU
		{ECB38ED2-092F-445E-918F-3BB0096617F5}.Release|x86.ActiveCfg = Release|Any CPU
		{ECB38ED2-092F-445E-918F-3BB0096617F5}.Release|x86.Build.0 = Release|Any CPU
		{E1491B34-A9CC-4B1B-A452-1E3912F94B81}.Debug|Any CPU.ActiveCfg = Debug|Any CPU
		{E1491B34-A9CC-4B1B-A452-1E3912F94B81}.Debug|Any CPU.Build.0 = Debug|Any CPU
		{E1491B34-A9CC-4B1B-A452-1E3912F94B81}.Debug|x64.ActiveCfg = Debug|Any CPU
		{E1491B34-A9CC-4B1B-A452-1E3912F94B81}.Debug|x64.Build.0 = Debug|Any CPU
		{E1491B34-A9CC-4B1B-A452-1E3912F94B81}.Debug|x86.ActiveCfg = Debug|Any CPU
		{E1491B34-A9CC-4B1B-A452-1E3912F94B81}.Debug|x86.Build.0 = Debug|Any CPU
		{E1491B34-A9CC-4B1B-A452-1E3912F94B81}.Release|Any CPU.ActiveCfg = Release|Any CPU
		{E1491B34-A9CC-4B1B-A452-1E3912F94B81}.Release|Any CPU.Build.0 = Release|Any CPU
		{E1491B34-A9CC-4B1B-A452-1E3912F94B81}.Release|x64.ActiveCfg = Release|Any CPU
		{E1491B34-A9CC-4B1B-A452-1E3912F94B81}.Release|x64.Build.0 = Release|Any CPU
		{E1491B34-A9CC-4B1B-A452-1E3912F94B81}.Release|x86.ActiveCfg = Release|Any CPU
		{E1491B34-A9CC-4B1B-A452-1E3912F94B81}.Release|x86.Build.0 = Release|Any CPU
		{AB59CBE8-A94C-43EB-B6E9-7367DAEC9BF6}.Debug|Any CPU.ActiveCfg = Debug|Any CPU
		{AB59CBE8-A94C-43EB-B6E9-7367DAEC9BF6}.Debug|Any CPU.Build.0 = Debug|Any CPU
		{AB59CBE8-A94C-43EB-B6E9-7367DAEC9BF6}.Debug|x64.ActiveCfg = Debug|Any CPU
		{AB59CBE8-A94C-43EB-B6E9-7367DAEC9BF6}.Debug|x64.Build.0 = Debug|Any CPU
		{AB59CBE8-A94C-43EB-B6E9-7367DAEC9BF6}.Debug|x86.ActiveCfg = Debug|Any CPU
		{AB59CBE8-A94C-43EB-B6E9-7367DAEC9BF6}.Debug|x86.Build.0 = Debug|Any CPU
		{AB59CBE8-A94C-43EB-B6E9-7367DAEC9BF6}.Release|Any CPU.ActiveCfg = Release|Any CPU
		{AB59CBE8-A94C-43EB-B6E9-7367DAEC9BF6}.Release|Any CPU.Build.0 = Release|Any CPU
		{AB59CBE8-A94C-43EB-B6E9-7367DAEC9BF6}.Release|x64.ActiveCfg = Release|Any CPU
		{AB59CBE8-A94C-43EB-B6E9-7367DAEC9BF6}.Release|x64.Build.0 = Release|Any CPU
		{AB59CBE8-A94C-43EB-B6E9-7367DAEC9BF6}.Release|x86.ActiveCfg = Release|Any CPU
		{AB59CBE8-A94C-43EB-B6E9-7367DAEC9BF6}.Release|x86.Build.0 = Release|Any CPU
		{AB844240-1AC2-4D89-88F4-B655EFED434A}.Debug|Any CPU.ActiveCfg = Debug|Any CPU
		{AB844240-1AC2-4D89-88F4-B655EFED434A}.Debug|Any CPU.Build.0 = Debug|Any CPU
		{AB844240-1AC2-4D89-88F4-B655EFED434A}.Debug|x64.ActiveCfg = Debug|Any CPU
		{AB844240-1AC2-4D89-88F4-B655EFED434A}.Debug|x64.Build.0 = Debug|Any CPU
		{AB844240-1AC2-4D89-88F4-B655EFED434A}.Debug|x86.ActiveCfg = Debug|Any CPU
		{AB844240-1AC2-4D89-88F4-B655EFED434A}.Debug|x86.Build.0 = Debug|Any CPU
		{AB844240-1AC2-4D89-88F4-B655EFED434A}.Release|Any CPU.ActiveCfg = Release|Any CPU
		{AB844240-1AC2-4D89-88F4-B655EFED434A}.Release|Any CPU.Build.0 = Release|Any CPU
		{AB844240-1AC2-4D89-88F4-B655EFED434A}.Release|x64.ActiveCfg = Release|Any CPU
		{AB844240-1AC2-4D89-88F4-B655EFED434A}.Release|x64.Build.0 = Release|Any CPU
		{AB844240-1AC2-4D89-88F4-B655EFED434A}.Release|x86.ActiveCfg = Release|Any CPU
		{AB844240-1AC2-4D89-88F4-B655EFED434A}.Release|x86.Build.0 = Release|Any CPU
		{36D886AC-E665-4B35-8D9B-0A62709D1937}.Debug|Any CPU.ActiveCfg = Debug|Any CPU
		{36D886AC-E665-4B35-8D9B-0A62709D1937}.Debug|Any CPU.Build.0 = Debug|Any CPU
		{36D886AC-E665-4B35-8D9B-0A62709D1937}.Debug|x64.ActiveCfg = Debug|Any CPU
		{36D886AC-E665-4B35-8D9B-0A62709D1937}.Debug|x64.Build.0 = Debug|Any CPU
		{36D886AC-E665-4B35-8D9B-0A62709D1937}.Debug|x86.ActiveCfg = Debug|Any CPU
		{36D886AC-E665-4B35-8D9B-0A62709D1937}.Debug|x86.Build.0 = Debug|Any CPU
		{36D886AC-E665-4B35-8D9B-0A62709D1937}.Release|Any CPU.ActiveCfg = Release|Any CPU
		{36D886AC-E665-4B35-8D9B-0A62709D1937}.Release|Any CPU.Build.0 = Release|Any CPU
		{36D886AC-E665-4B35-8D9B-0A62709D1937}.Release|x64.ActiveCfg = Release|Any CPU
		{36D886AC-E665-4B35-8D9B-0A62709D1937}.Release|x64.Build.0 = Release|Any CPU
		{36D886AC-E665-4B35-8D9B-0A62709D1937}.Release|x86.ActiveCfg = Release|Any CPU
		{36D886AC-E665-4B35-8D9B-0A62709D1937}.Release|x86.Build.0 = Release|Any CPU
	EndGlobalSection
	GlobalSection(SolutionProperties) = preSolution
		HideSolutionNode = FALSE
	EndGlobalSection
	GlobalSection(ExtensibilityGlobals) = postSolution
		SolutionGuid = {78225D12-EE8F-4F27-AC38-336D4CD599E2}
	EndGlobalSection
EndGlobal
